
Microsoft Visual Studio Solution File, Format Version 12.00
# Visual Studio Version 16
VisualStudioVersion = 16.0.30804.86
MinimumVisualStudioVersion = 10.0.40219.1
Project("{8BC9CEB8-8B4A-11D0-8D11-00A0C91BC942}") = "git실습", "git실습\git실습.vcxproj", "{05AA6E0D-D529-499F-8B76-5E56D1A21FAC}"
EndProject
Global
	GlobalSection(SolutionConfigurationPlatforms) = preSolution
		Debug|x64 = Debug|x64
		Debug|x86 = Debug|x86
		Release|x64 = Release|x64
		Release|x86 = Release|x86
	EndGlobalSection
	GlobalSection(ProjectConfigurationPlatforms) = postSolution
		{05AA6E0D-D529-499F-8B76-5E56D1A21FAC}.Debug|x64.ActiveCfg = Debug|x64
		{05AA6E0D-D529-499F-8B76-5E56D1A21FAC}.Debug|x64.Build.0 = Debug|x64
		{05AA6E0D-D529-499F-8B76-5E56D1A21FAC}.Debug|x86.ActiveCfg = Debug|Win32
		{05AA6E0D-D529-499F-8B76-5E56D1A21FAC}.Debug|x86.Build.0 = Debug|Win32
		{05AA6E0D-D529-499F-8B76-5E56D1A21FAC}.Release|x64.ActiveCfg = Release|x64
		{05AA6E0D-D529-499F-8B76-5E56D1A21FAC}.Release|x64.Build.0 = Release|x64
		{05AA6E0D-D529-499F-8B76-5E56D1A21FAC}.Release|x86.ActiveCfg = Release|Win32
		{05AA6E0D-D529-499F-8B76-5E56D1A21FAC}.Release|x86.Build.0 = Release|Win32
	EndGlobalSection
	GlobalSection(SolutionProperties) = preSolution
		HideSolutionNode = FALSE
	EndGlobalSection
	GlobalSection(ExtensibilityGlobals) = postSolution
		SolutionGuid = {555B72BF-CFFC-4379-BC0D-DBD172C359DC}
	EndGlobalSection
EndGlobal
